
Microsoft Visual Studio Solution File, Format Version 12.00
# Visual Studio 15
VisualStudioVersion = 15.0.28010.2003
MinimumVisualStudioVersion = 10.0.40219.1
Project("{F2A71F9B-5D33-465A-A702-920D77279786}") = "FsSnake", "FsSnake\FsSnake.fsproj", "{61E865D6-924A-4290-B770-5E821D90CD17}"
EndProject
Global
	GlobalSection(SolutionConfigurationPlatforms) = preSolution
		Debug|Any CPU = Debug|Any CPU
		Release|Any CPU = Release|Any CPU
	EndGlobalSection
	GlobalSection(ProjectConfigurationPlatforms) = postSolution
		{61E865D6-924A-4290-B770-5E821D90CD17}.Debug|Any CPU.ActiveCfg = Debug|Any CPU
		{61E865D6-924A-4290-B770-5E821D90CD17}.Debug|Any CPU.Build.0 = Debug|Any CPU
		{61E865D6-924A-4290-B770-5E821D90CD17}.Release|Any CPU.ActiveCfg = Release|Any CPU
		{61E865D6-924A-4290-B770-5E821D90CD17}.Release|Any CPU.Build.0 = Release|Any CPU
	EndGlobalSection
	GlobalSection(SolutionProperties) = preSolution
		HideSolutionNode = FALSE
	EndGlobalSection
	GlobalSection(ExtensibilityGlobals) = postSolution
		SolutionGuid = {7D787ED9-9E94-4642-87D1-99342695CB70}
	EndGlobalSection
EndGlobal
